
Microsoft Visual Studio Solution File, Format Version 12.00
# Visual Studio Version 17
VisualStudioVersion = 17.12.35707.178
MinimumVisualStudioVersion = 10.0.40219.1
Project("{FAE04EC0-301F-11D3-BF4B-00C04F79EFBC}") = "TrueStory.Web.API", "src\Presentation\TrueStory.Web.API\TrueStory.Web.API.csproj", "{21EFE2E1-8A64-41A3-9FF5-5721146021F4}"
EndProject
Project("{2150E333-8FDC-42A3-9474-1A3956D46DE8}") = "src", "src", "{0789B2C3-0F7C-4DEC-870F-1DEBFA5823C6}"
EndProject
Project("{2150E333-8FDC-42A3-9474-1A3956D46DE8}") = "Presentation", "Presentation", "{80FA25A4-F5DD-4A98-A4D7-328CDA57EE37}"
EndProject
Project("{2150E333-8FDC-42A3-9474-1A3956D46DE8}") = "Application", "Application", "{E1AF7390-E3C1-4EE3-BCFB-3106C110A15B}"
EndProject
Project("{2150E333-8FDC-42A3-9474-1A3956D46DE8}") = "Domain", "Domain", "{72D05A97-14D1-4500-AE7F-1010450D5BE3}"
EndProject
Project("{2150E333-8FDC-42A3-9474-1A3956D46DE8}") = "Infrastructure", "Infrastructure", "{ACE58AC9-02BC-4531-A3FD-FD48160865FF}"
EndProject
Project("{2150E333-8FDC-42A3-9474-1A3956D46DE8}") = "Common", "Common", "{9FE71ABB-47A4-4BBE-88E8-FDC059526AF0}"
EndProject
Project("{FAE04EC0-301F-11D3-BF4B-00C04F79EFBC}") = "TrueStory.Infrastructure", "src\TrueStory.Infrastructure\TrueStory.Infrastructure.csproj", "{ACD763BB-9B2F-4728-99AB-03C2533498A0}"
EndProject
Project("{FAE04EC0-301F-11D3-BF4B-00C04F79EFBC}") = "TrueStory.Persistance", "src\TrueStory.Persistance\TrueStory.Persistance.csproj", "{8DAF0173-761E-42EB-9FBF-8648F3C1A27B}"
EndProject
Project("{FAE04EC0-301F-11D3-BF4B-00C04F79EFBC}") = "TrueStory.Domain", "src\TrueStory.Domain\TrueStory.Domain.csproj", "{9A18DB05-7C11-4C15-95C6-2920B3307112}"
EndProject
Project("{FAE04EC0-301F-11D3-BF4B-00C04F79EFBC}") = "TrueStory.Common", "src\TrueStory.Common\TrueStory.Common.csproj", "{37A26A48-C4A9-417C-82DB-DFF984B606CA}"
EndProject
Project("{FAE04EC0-301F-11D3-BF4B-00C04F79EFBC}") = "TrueStory.Common.Application", "src\TrueStory.Common.Application\TrueStory.Common.Application.csproj", "{C1A8A32E-D730-4BDC-8DC9-86995288F36B}"
EndProject
Project("{FAE04EC0-301F-11D3-BF4B-00C04F79EFBC}") = "TrueStory.Application", "src\TrueStory.Application\TrueStory.Application.csproj", "{7B484E2F-9278-4985-B5AF-C030354811A1}"
EndProject
Project("{2150E333-8FDC-42A3-9474-1A3956D46DE8}") = "test", "test", "{B8E09851-8D53-49DE-B630-3D8E1453EF55}"
EndProject
Project("{2150E333-8FDC-42A3-9474-1A3956D46DE8}") = "Domain", "Domain", "{0784635D-B5D5-4996-819A-D9B1AB39BAC5}"
EndProject
Project("{FAE04EC0-301F-11D3-BF4B-00C04F79EFBC}") = "TrueStory.Domain.Test", "test\TrueStory.Domain.Test\TrueStory.Domain.Test.csproj", "{6790BA9A-0878-4162-9ADA-A0EECB2BA5B4}"
EndProject
Project("{2150E333-8FDC-42A3-9474-1A3956D46DE8}") = "Application", "Application", "{925EB38D-1057-4242-A2AF-527CED216D15}"
EndProject
Project("{FAE04EC0-301F-11D3-BF4B-00C04F79EFBC}") = "TrueStory.Application.Test", "test\TrueStory.Application.Test\TrueStory.Application.Test.csproj", "{A72BC748-4F30-4B65-97AF-D5B0A60E322A}"
EndProject
Project("{2150E333-8FDC-42A3-9474-1A3956D46DE8}") = "Infrastructure", "Infrastructure", "{5FDA4972-F499-4743-B5B6-A7256A18D276}"
EndProject
Project("{2150E333-8FDC-42A3-9474-1A3956D46DE8}") = "Presentation", "Presentation", "{085EA6B5-5096-4620-9E9F-B85F3C2D1266}"
EndProject
Project("{FAE04EC0-301F-11D3-BF4B-00C04F79EFBC}") = "TrueStory.Presentation.Web.API.Test", "test\TrueStory.Presentation.Web.API.Test\TrueStory.Presentation.Web.API.Test.csproj", "{78DA9A42-BC0C-4BF7-B438-585228D6DA23}"
EndProject
Project("{FAE04EC0-301F-11D3-BF4B-00C04F79EFBC}") = "TrueStory.Infrastructure.Test", "test\TrueStory.Infrastructure.Test\TrueStory.Infrastructure.Test.csproj", "{351CAAFF-E053-42A6-BD82-4BAC54927EE4}"
EndProject
Global
	GlobalSection(SolutionConfigurationPlatforms) = preSolution
		Debug|Any CPU = Debug|Any CPU
		Release|Any CPU = Release|Any CPU
	EndGlobalSection
	GlobalSection(ProjectConfigurationPlatforms) = postSolution
		{21EFE2E1-8A64-41A3-9FF5-5721146021F4}.Debug|Any CPU.ActiveCfg = Debug|Any CPU
		{21EFE2E1-8A64-41A3-9FF5-5721146021F4}.Debug|Any CPU.Build.0 = Debug|Any CPU
		{21EFE2E1-8A64-41A3-9FF5-5721146021F4}.Release|Any CPU.ActiveCfg = Release|Any CPU
		{21EFE2E1-8A64-41A3-9FF5-5721146021F4}.Release|Any CPU.Build.0 = Release|Any CPU
		{ACD763BB-9B2F-4728-99AB-03C2533498A0}.Debug|Any CPU.ActiveCfg = Debug|Any CPU
		{ACD763BB-9B2F-4728-99AB-03C2533498A0}.Debug|Any CPU.Build.0 = Debug|Any CPU
		{ACD763BB-9B2F-4728-99AB-03C2533498A0}.Release|Any CPU.ActiveCfg = Release|Any CPU
		{ACD763BB-9B2F-4728-99AB-03C2533498A0}.Release|Any CPU.Build.0 = Release|Any CPU
		{8DAF0173-761E-42EB-9FBF-8648F3C1A27B}.Debug|Any CPU.ActiveCfg = Debug|Any CPU
		{8DAF0173-761E-42EB-9FBF-8648F3C1A27B}.Debug|Any CPU.Build.0 = Debug|Any CPU
		{8DAF0173-761E-42EB-9FBF-8648F3C1A27B}.Release|Any CPU.ActiveCfg = Release|Any CPU
		{8DAF0173-761E-42EB-9FBF-8648F3C1A27B}.Release|Any CPU.Build.0 = Release|Any CPU
		{9A18DB05-7C11-4C15-95C6-2920B3307112}.Debug|Any CPU.ActiveCfg = Debug|Any CPU
		{9A18DB05-7C11-4C15-95C6-2920B3307112}.Debug|Any CPU.Build.0 = Debug|Any CPU
		{9A18DB05-7C11-4C15-95C6-2920B3307112}.Release|Any CPU.ActiveCfg = Release|Any CPU
		{9A18DB05-7C11-4C15-95C6-2920B3307112}.Release|Any CPU.Build.0 = Release|Any CPU
		{37A26A48-C4A9-417C-82DB-DFF984B606CA}.Debug|Any CPU.ActiveCfg = Debug|Any CPU
		{37A26A48-C4A9-417C-82DB-DFF984B606CA}.Debug|Any CPU.Build.0 = Debug|Any CPU
		{37A26A48-C4A9-417C-82DB-DFF984B606CA}.Release|Any CPU.ActiveCfg = Release|Any CPU
		{37A26A48-C4A9-417C-82DB-DFF984B606CA}.Release|Any CPU.Build.0 = Release|Any CPU
		{C1A8A32E-D730-4BDC-8DC9-86995288F36B}.Debug|Any CPU.ActiveCfg = Debug|Any CPU
		{C1A8A32E-D730-4BDC-8DC9-86995288F36B}.Debug|Any CPU.Build.0 = Debug|Any CPU
		{C1A8A32E-D730-4BDC-8DC9-86995288F36B}.Release|Any CPU.ActiveCfg = Release|Any CPU
		{C1A8A32E-D730-4BDC-8DC9-86995288F36B}.Release|Any CPU.Build.0 = Release|Any CPU
		{7B484E2F-9278-4985-B5AF-C030354811A1}.Debug|Any CPU.ActiveCfg = Debug|Any CPU
		{7B484E2F-9278-4985-B5AF-C030354811A1}.Debug|Any CPU.Build.0 = Debug|Any CPU
		{7B484E2F-9278-4985-B5AF-C030354811A1}.Release|Any CPU.ActiveCfg = Release|Any CPU
		{7B484E2F-9278-4985-B5AF-C030354811A1}.Release|Any CPU.Build.0 = Release|Any CPU
		{6790BA9A-0878-4162-9ADA-A0EECB2BA5B4}.Debug|Any CPU.ActiveCfg = Debug|Any CPU
		{6790BA9A-0878-4162-9ADA-A0EECB2BA5B4}.Debug|Any CPU.Build.0 = Debug|Any CPU
		{6790BA9A-0878-4162-9ADA-A0EECB2BA5B4}.Release|Any CPU.ActiveCfg = Release|Any CPU
		{6790BA9A-0878-4162-9ADA-A0EECB2BA5B4}.Release|Any CPU.Build.0 = Release|Any CPU
		{A72BC748-4F30-4B65-97AF-D5B0A60E322A}.Debug|Any CPU.ActiveCfg = Debug|Any CPU
		{A72BC748-4F30-4B65-97AF-D5B0A60E322A}.Debug|Any CPU.Build.0 = Debug|Any CPU
		{A72BC748-4F30-4B65-97AF-D5B0A60E322A}.Release|Any CPU.ActiveCfg = Release|Any CPU
		{A72BC748-4F30-4B65-97AF-D5B0A60E322A}.Release|Any CPU.Build.0 = Release|Any CPU
		{78DA9A42-BC0C-4BF7-B438-585228D6DA23}.Debug|Any CPU.ActiveCfg = Debug|Any CPU
		{78DA9A42-BC0C-4BF7-B438-585228D6DA23}.Debug|Any CPU.Build.0 = Debug|Any CPU
		{78DA9A42-BC0C-4BF7-B438-585228D6DA23}.Release|Any CPU.ActiveCfg = Release|Any CPU
		{78DA9A42-BC0C-4BF7-B438-585228D6DA23}.Release|Any CPU.Build.0 = Release|Any CPU
		{351CAAFF-E053-42A6-BD82-4BAC54927EE4}.Debug|Any CPU.ActiveCfg = Debug|Any CPU
		{351CAAFF-E053-42A6-BD82-4BAC54927EE4}.Debug|Any CPU.Build.0 = Debug|Any CPU
		{351CAAFF-E053-42A6-BD82-4BAC54927EE4}.Release|Any CPU.ActiveCfg = Release|Any CPU
		{351CAAFF-E053-42A6-BD82-4BAC54927EE4}.Release|Any CPU.Build.0 = Release|Any CPU
	EndGlobalSection
	GlobalSection(SolutionProperties) = preSolution
		HideSolutionNode = FALSE
	EndGlobalSection
	GlobalSection(NestedProjects) = preSolution
		{21EFE2E1-8A64-41A3-9FF5-5721146021F4} = {80FA25A4-F5DD-4A98-A4D7-328CDA57EE37}
		{80FA25A4-F5DD-4A98-A4D7-328CDA57EE37} = {0789B2C3-0F7C-4DEC-870F-1DEBFA5823C6}
		{E1AF7390-E3C1-4EE3-BCFB-3106C110A15B} = {0789B2C3-0F7C-4DEC-870F-1DEBFA5823C6}
		{72D05A97-14D1-4500-AE7F-1010450D5BE3} = {0789B2C3-0F7C-4DEC-870F-1DEBFA5823C6}
		{ACE58AC9-02BC-4531-A3FD-FD48160865FF} = {0789B2C3-0F7C-4DEC-870F-1DEBFA5823C6}
		{9FE71ABB-47A4-4BBE-88E8-FDC059526AF0} = {0789B2C3-0F7C-4DEC-870F-1DEBFA5823C6}
		{ACD763BB-9B2F-4728-99AB-03C2533498A0} = {ACE58AC9-02BC-4531-A3FD-FD48160865FF}
		{8DAF0173-761E-42EB-9FBF-8648F3C1A27B} = {ACE58AC9-02BC-4531-A3FD-FD48160865FF}
		{9A18DB05-7C11-4C15-95C6-2920B3307112} = {72D05A97-14D1-4500-AE7F-1010450D5BE3}
		{37A26A48-C4A9-417C-82DB-DFF984B606CA} = {9FE71ABB-47A4-4BBE-88E8-FDC059526AF0}
		{C1A8A32E-D730-4BDC-8DC9-86995288F36B} = {9FE71ABB-47A4-4BBE-88E8-FDC059526AF0}
		{7B484E2F-9278-4985-B5AF-C030354811A1} = {E1AF7390-E3C1-4EE3-BCFB-3106C110A15B}
		{0784635D-B5D5-4996-819A-D9B1AB39BAC5} = {B8E09851-8D53-49DE-B630-3D8E1453EF55}
		{6790BA9A-0878-4162-9ADA-A0EECB2BA5B4} = {0784635D-B5D5-4996-819A-D9B1AB39BAC5}
		{925EB38D-1057-4242-A2AF-527CED216D15} = {B8E09851-8D53-49DE-B630-3D8E1453EF55}
		{A72BC748-4F30-4B65-97AF-D5B0A60E322A} = {925EB38D-1057-4242-A2AF-527CED216D15}
		{5FDA4972-F499-4743-B5B6-A7256A18D276} = {B8E09851-8D53-49DE-B630-3D8E1453EF55}
		{085EA6B5-5096-4620-9E9F-B85F3C2D1266} = {B8E09851-8D53-49DE-B630-3D8E1453EF55}
		{78DA9A42-BC0C-4BF7-B438-585228D6DA23} = {085EA6B5-5096-4620-9E9F-B85F3C2D1266}
		{351CAAFF-E053-42A6-BD82-4BAC54927EE4} = {5FDA4972-F499-4743-B5B6-A7256A18D276}
	EndGlobalSection
EndGlobal
